{"version":4,"terraform_version":"1.8.1","serial":63,"lineage":"37caf03f-6a44-3cad-e58f-c84418a3f47e","outputs":{},"resources":[{"mode":"data","type":"oci_identity_availability_domains","name":"ads","provider":"provider[\"registry.opentofu.org/hashicorp/oci\"]","instances":[{"schema_version":0,"attributes":{"availability_domains":[{"compartment_id":"ocid1.compartment.oc1..aaaaaaaavith6mn3xjrcrjtnrj2oimzhsib4u6ocygk2ldjgc73tyn3vyh3q","id":"ocid1.availabilitydomain.oc1..aaaaaaaauvt2n7pijol7uqgdnnsoojcukrijtmcltvfwxazmitk235wyohta","name":"hgiL:US-ASHBURN-AD-1"},{"compartment_id":"ocid1.compartment.oc1..aaaaaaaavith6mn3xjrcrjtnrj2oimzhsib4u6ocygk2ldjgc73tyn3vyh3q","id":"ocid1.availabilitydomain.oc1..aaaaaaaaztunlny6ae4yw2vghp5go2zceaonwp6wiioe3tnh2vlaxjjl2n3a","name":"hgiL:US-ASHBURN-AD-2"},{"compartment_id":"ocid1.compartment.oc1..aaaaaaaavith6mn3xjrcrjtnrj2oimzhsib4u6ocygk2ldjgc73tyn3vyh3q","id":"ocid1.availabilitydomain.oc1..aaaaaaaatrwxaogr7dl4yschqtrmqrdv6uzis3mgbnomiagqrfhcb7mxsfdq","name":"hgiL:US-ASHBURN-AD-3"}],"compartment_id":"ocid1.compartment.oc1..aaaaaaaavith6mn3xjrcrjtnrj2oimzhsib4u6ocygk2ldjgc73tyn3vyh3q","filter":null,"id":"IdentityAvailabilityDomainsDataSource-2556411150"},"sensitive_attributes":[]}]},{"mode":"managed","type":"oci_containerengine_cluster","name":"dev_oke_cluster","provider":"provider[\"registry.opentofu.org/hashicorp/oci\"]","instances":[{"schema_version":0,"attributes":{"available_kubernetes_upgrades":[],"cluster_pod_network_options":[{"cni_type":"FLANNEL_OVERLAY"}],"compartment_id":"ocid1.compartment.oc1..aaaaaaaavith6mn3xjrcrjtnrj2oimzhsib4u6ocygk2ldjgc73tyn3vyh3q","defined_tags":{"Oracle-Tags.CreatedBy":"default/jpsant.aws@gmail.com","Oracle-Tags.CreatedOn":"2024-08-26T12:53:21.998Z"},"endpoint_config":[{"is_public_ip_enabled":true,"nsg_ids":null,"subnet_id":"ocid1.subnet.oc1.iad.aaaaaaaaqmtyuc442yru7uf576m2rpn7cn2elednagitcqzom6mqdch7cwea"}],"endpoints":[{"kubernetes":"","private_endpoint":"10.0.2.239:6443","public_endpoint":"129.80.229.185:6443","vcn_hostname_endpoint":""}],"freeform_tags":{},"id":"ocid1.cluster.oc1.iad.aaaaaaaacqpvz2lpa3cfdo7r3phrgou4s3umhkkotmtcbmggzcc4monvpmwq","image_policy_config":[{"is_policy_enabled":false,"key_details":[]}],"kms_key_id":null,"kubernetes_version":"v1.30.1","lifecycle_details":null,"metadata":[{"created_by_user_id":"ocid1.user.oc1..aaaaaaaa3qrcmt6duv2vlmznoyg6mr6cmiylblunw54ike2vs4bxox6zs3ba","created_by_work_request_id":"ocid1.clustersworkrequest.oc1.iad.aaaaaaaaur3wo2zjmxl552afejafa7q2dfe7oodgrl3nwyc5hwadp7nd3h2a","deleted_by_user_id":"","deleted_by_work_request_id":"","time_created":"2024-08-26 12:53:23 +0000 UTC","time_credential_expiration":"2029-08-26 12:53:51 +0000 UTC","time_deleted":"","time_updated":"","updated_by_user_id":"","updated_by_work_request_id":""}],"name":"dev-oke-cluster","options":[{"add_ons":[{"is_kubernetes_dashboard_enabled":false,"is_tiller_enabled":false}],"admission_controller_options":[{"is_pod_security_policy_enabled":false}],"kubernetes_network_config":[{"pods_cidr":"10.244.0.0/16","services_cidr":"10.96.0.0/16"}],"persistent_volume_config":[{"defined_tags":{},"freeform_tags":{}}],"service_lb_config":[{"defined_tags":{},"freeform_tags":{}}],"service_lb_subnet_ids":["ocid1.subnet.oc1.iad.aaaaaaaaqmtyuc442yru7uf576m2rpn7cn2elednagitcqzom6mqdch7cwea"]}],"state":"ACTIVE","timeouts":null,"type":"BASIC_CLUSTER","vcn_id":"ocid1.vcn.oc1.iad.amaaaaaab6vzawaahee34r7bc3rylmqsoxpkjq3rw6qoyutll6jliaakv4fq"},"sensitive_attributes":[],"private":"eyJlMmJmYjczMC1lY2FhLTExZTYtOGY4OC0zNDM2M2JjN2M0YzAiOnsiY3JlYXRlIjozNjAwMDAwMDAwMDAwLCJkZWxldGUiOjM2MDAwMDAwMDAwMDAsInVwZGF0ZSI6MzYwMDAwMDAwMDAwMH19","dependencies":["oci_core_internet_gateway.dev_igw","oci_core_route_table.dev_rt","oci_core_subnet.service_lb_subnet","oci_core_vcn.dev_vcn"]}]},{"mode":"managed","type":"oci_containerengine_node_pool","name":"dev_node_pool","provider":"provider[\"registry.opentofu.org/hashicorp/oci\"]","instances":[{"status":"tainted","schema_version":0,"attributes":{"cluster_id":"ocid1.cluster.oc1.iad.aaaaaaaacqpvz2lpa3cfdo7r3phrgou4s3umhkkotmtcbmggzcc4monvpmwq","compartment_id":"ocid1.compartment.oc1..aaaaaaaavith6mn3xjrcrjtnrj2oimzhsib4u6ocygk2ldjgc73tyn3vyh3q","defined_tags":{"Oracle-Tags.CreatedBy":"default/jpsant.aws@gmail.com","Oracle-Tags.CreatedOn":"2024-08-26T13:07:21.528Z"},"freeform_tags":{},"id":"ocid1.nodepool.oc1.iad.aaaaaaaaebhshdoou2d3lojtgrexdfsnxxfohwicnxnfa62clnxaa6uj7vha","initial_node_labels":[],"kubernetes_version":"v1.30.1","lifecycle_details":null,"name":"dev-node-pool","node_config_details":[{"defined_tags":{},"freeform_tags":{},"is_pv_encryption_in_transit_enabled":false,"kms_key_id":"","node_pool_pod_network_option_details":[{"cni_type":"FLANNEL_OVERLAY","max_pods_per_node":0,"pod_nsg_ids":[],"pod_subnet_ids":[]}],"nsg_ids":[],"placement_configs":[{"availability_domain":"hgiL:US-ASHBURN-AD-2","capacity_reservation_id":"","fault_domains":[],"preemptible_node_config":[],"subnet_id":"ocid1.subnet.oc1.iad.aaaaaaaau5si3q6ecu6isqzluasluamtzxhxzley7ujd2cg4lza247fjw2ra"}],"size":2}],"node_eviction_node_pool_settings":[],"node_image_id":"ocid1.image.oc1.iad.aaaaaaaay66pu7z27ltbx2uuatzgfywzixbp34wx7xoze52pk33psz47vlfa","node_image_name":"Oracle-Linux-7.6-2019.06.15-0","node_metadata":{},"node_pool_cycling_details":[],"node_shape":"VM.Standard2.1","node_shape_config":[],"node_source":[{"image_id":"ocid1.image.oc1.iad.aaaaaaaay66pu7z27ltbx2uuatzgfywzixbp34wx7xoze52pk33psz47vlfa","source_name":"Oracle-Linux-7.6-2019.06.15-0","source_type":"IMAGE"}],"node_source_details":[{"boot_volume_size_in_gbs":"","image_id":"ocid1.image.oc1.iad.aaaaaaaay66pu7z27ltbx2uuatzgfywzixbp34wx7xoze52pk33psz47vlfa","source_type":"IMAGE"}],"nodes":[],"quantity_per_subnet":0,"ssh_public_key":null,"state":"CREATING","subnet_ids":["ocid1.subnet.oc1.iad.aaaaaaaau5si3q6ecu6isqzluasluamtzxhxzley7ujd2cg4lza247fjw2ra"],"timeouts":null},"sensitive_attributes":[],"private":"eyJlMmJmYjczMC1lY2FhLTExZTYtOGY4OC0zNDM2M2JjN2M0YzAiOnsiY3JlYXRlIjozMDAwMDAwMDAwMDAwLCJkZWxldGUiOjMwMDAwMDAwMDAwMDAsInVwZGF0ZSI6MzAwMDAwMDAwMDAwMH19","dependencies":["data.oci_identity_availability_domains.ads","oci_containerengine_cluster.dev_oke_cluster","oci_core_internet_gateway.dev_igw","oci_core_route_table.dev_rt","oci_core_subnet.node_pool_subnet","oci_core_subnet.service_lb_subnet","oci_core_vcn.dev_vcn"]}]},{"mode":"managed","type":"oci_core_internet_gateway","name":"dev_igw","provider":"provider[\"registry.opentofu.org/hashicorp/oci\"]","instances":[{"schema_version":0,"attributes":{"compartment_id":"ocid1.compartment.oc1..aaaaaaaavith6mn3xjrcrjtnrj2oimzhsib4u6ocygk2ldjgc73tyn3vyh3q","defined_tags":{"Oracle-Tags.CreatedBy":"default/jpsant.aws@gmail.com","Oracle-Tags.CreatedOn":"2024-08-26T12:53:19.646Z"},"display_name":"dev-igw","enabled":true,"freeform_tags":{},"id":"ocid1.internetgateway.oc1.iad.aaaaaaaa62cauzxrpvdzsrpffu6pkprcnibkr2xl2fjrungmal6uvzznbjkq","route_table_id":null,"state":"AVAILABLE","time_created":"2024-08-26 12:53:19.692 +0000 UTC","timeouts":null,"vcn_id":"ocid1.vcn.oc1.iad.amaaaaaab6vzawaahee34r7bc3rylmqsoxpkjq3rw6qoyutll6jliaakv4fq"},"sensitive_attributes":[],"private":"eyJlMmJmYjczMC1lY2FhLTExZTYtOGY4OC0zNDM2M2JjN2M0YzAiOnsiY3JlYXRlIjoxMjAwMDAwMDAwMDAwLCJkZWxldGUiOjEyMDAwMDAwMDAwMDAsInVwZGF0ZSI6MTIwMDAwMDAwMDAwMH19","dependencies":["oci_core_vcn.dev_vcn"]}]},{"mode":"managed","type":"oci_core_route_table","name":"dev_rt","provider":"provider[\"registry.opentofu.org/hashicorp/oci\"]","instances":[{"schema_version":0,"attributes":{"compartment_id":"ocid1.compartment.oc1..aaaaaaaavith6mn3xjrcrjtnrj2oimzhsib4u6ocygk2ldjgc73tyn3vyh3q","defined_tags":{"Oracle-Tags.CreatedBy":"default/jpsant.aws@gmail.com","Oracle-Tags.CreatedOn":"2024-08-26T12:53:20.188Z"},"display_name":"routetable20240826125320","freeform_tags":{},"id":"ocid1.routetable.oc1.iad.aaaaaaaaemvayteqtxarx4kxfoswsz6kpjtmfbrtz2sio2gyecgtafzpruvq","route_rules":[{"cidr_block":"","description":"","destination":"0.0.0.0/0","destination_type":"CIDR_BLOCK","network_entity_id":"ocid1.internetgateway.oc1.iad.aaaaaaaa62cauzxrpvdzsrpffu6pkprcnibkr2xl2fjrungmal6uvzznbjkq","route_type":""}],"state":"AVAILABLE","time_created":"2024-08-26 12:53:20.213 +0000 UTC","timeouts":null,"vcn_id":"ocid1.vcn.oc1.iad.amaaaaaab6vzawaahee34r7bc3rylmqsoxpkjq3rw6qoyutll6jliaakv4fq"},"sensitive_attributes":[],"private":"eyJlMmJmYjczMC1lY2FhLTExZTYtOGY4OC0zNDM2M2JjN2M0YzAiOnsiY3JlYXRlIjoxMjAwMDAwMDAwMDAwLCJkZWxldGUiOjEyMDAwMDAwMDAwMDAsInVwZGF0ZSI6MTIwMDAwMDAwMDAwMH19","dependencies":["oci_core_internet_gateway.dev_igw","oci_core_vcn.dev_vcn"]}]},{"mode":"managed","type":"oci_core_subnet","name":"node_pool_subnet","provider":"provider[\"registry.opentofu.org/hashicorp/oci\"]","instances":[{"schema_version":0,"attributes":{"availability_domain":null,"cidr_block":"10.0.1.0/24","compartment_id":"ocid1.compartment.oc1..aaaaaaaavith6mn3xjrcrjtnrj2oimzhsib4u6ocygk2ldjgc73tyn3vyh3q","defined_tags":{"Oracle-Tags.CreatedBy":"default/jpsant.aws@gmail.com","Oracle-Tags.CreatedOn":"2024-08-26T12:53:20.771Z"},"dhcp_options_id":"ocid1.dhcpoptions.oc1.iad.aaaaaaaadbj6q22hyhzvrgzupjzyyoyrcmvf7setg46xv36vvaozg2ax5byq","display_name":"oke-node-pool-subnet","dns_label":null,"freeform_tags":{},"id":"ocid1.subnet.oc1.iad.aaaaaaaau5si3q6ecu6isqzluasluamtzxhxzley7ujd2cg4lza247fjw2ra","ipv6cidr_block":null,"ipv6cidr_blocks":[],"ipv6virtual_router_ip":null,"prohibit_internet_ingress":false,"prohibit_public_ip_on_vnic":false,"route_table_id":"ocid1.routetable.oc1.iad.aaaaaaaaemvayteqtxarx4kxfoswsz6kpjtmfbrtz2sio2gyecgtafzpruvq","security_list_ids":["ocid1.securitylist.oc1.iad.aaaaaaaapdopj5n3e27cbapcudgfxlvrue7lu4pc7usbmzix53asmztjev5q"],"state":"AVAILABLE","subnet_domain_name":null,"time_created":"2024-08-26 12:53:21.458 +0000 UTC","timeouts":null,"vcn_id":"ocid1.vcn.oc1.iad.amaaaaaab6vzawaahee34r7bc3rylmqsoxpkjq3rw6qoyutll6jliaakv4fq","virtual_router_ip":"10.0.1.1","virtual_router_mac":"00:00:17:31:FD:20"},"sensitive_attributes":[],"private":"eyJlMmJmYjczMC1lY2FhLTExZTYtOGY4OC0zNDM2M2JjN2M0YzAiOnsiY3JlYXRlIjoxMjAwMDAwMDAwMDAwLCJkZWxldGUiOjEyMDAwMDAwMDAwMDAsInVwZGF0ZSI6MTIwMDAwMDAwMDAwMH19","dependencies":["oci_core_internet_gateway.dev_igw","oci_core_route_table.dev_rt","oci_core_vcn.dev_vcn"]}]},{"mode":"managed","type":"oci_core_subnet","name":"service_lb_subnet","provider":"provider[\"registry.opentofu.org/hashicorp/oci\"]","instances":[{"schema_version":0,"attributes":{"availability_domain":null,"cidr_block":"10.0.2.0/24","compartment_id":"ocid1.compartment.oc1..aaaaaaaavith6mn3xjrcrjtnrj2oimzhsib4u6ocygk2ldjgc73tyn3vyh3q","defined_tags":{"Oracle-Tags.CreatedBy":"default/jpsant.aws@gmail.com","Oracle-Tags.CreatedOn":"2024-08-26T12:53:20.672Z"},"dhcp_options_id":"ocid1.dhcpoptions.oc1.iad.aaaaaaaadbj6q22hyhzvrgzupjzyyoyrcmvf7setg46xv36vvaozg2ax5byq","display_name":"service-lb-subnet","dns_label":null,"freeform_tags":{},"id":"ocid1.subnet.oc1.iad.aaaaaaaaqmtyuc442yru7uf576m2rpn7cn2elednagitcqzom6mqdch7cwea","ipv6cidr_block":null,"ipv6cidr_blocks":[],"ipv6virtual_router_ip":null,"prohibit_internet_ingress":false,"prohibit_public_ip_on_vnic":false,"route_table_id":"ocid1.routetable.oc1.iad.aaaaaaaaemvayteqtxarx4kxfoswsz6kpjtmfbrtz2sio2gyecgtafzpruvq","security_list_ids":["ocid1.securitylist.oc1.iad.aaaaaaaapdopj5n3e27cbapcudgfxlvrue7lu4pc7usbmzix53asmztjev5q"],"state":"AVAILABLE","subnet_domain_name":null,"time_created":"2024-08-26 12:53:20.735 +0000 UTC","timeouts":null,"vcn_id":"ocid1.vcn.oc1.iad.amaaaaaab6vzawaahee34r7bc3rylmqsoxpkjq3rw6qoyutll6jliaakv4fq","virtual_router_ip":"10.0.2.1","virtual_router_mac":"00:00:17:31:FD:20"},"sensitive_attributes":[],"private":"eyJlMmJmYjczMC1lY2FhLTExZTYtOGY4OC0zNDM2M2JjN2M0YzAiOnsiY3JlYXRlIjoxMjAwMDAwMDAwMDAwLCJkZWxldGUiOjEyMDAwMDAwMDAwMDAsInVwZGF0ZSI6MTIwMDAwMDAwMDAwMH19","dependencies":["oci_core_internet_gateway.dev_igw","oci_core_route_table.dev_rt","oci_core_vcn.dev_vcn"]}]},{"mode":"managed","type":"oci_core_vcn","name":"dev_vcn","provider":"provider[\"registry.opentofu.org/hashicorp/oci\"]","instances":[{"schema_version":0,"attributes":{"byoipv6cidr_blocks":[],"byoipv6cidr_details":null,"cidr_block":"10.0.0.0/16","cidr_blocks":["10.0.0.0/16"],"compartment_id":"ocid1.compartment.oc1..aaaaaaaavith6mn3xjrcrjtnrj2oimzhsib4u6ocygk2ldjgc73tyn3vyh3q","default_dhcp_options_id":"ocid1.dhcpoptions.oc1.iad.aaaaaaaadbj6q22hyhzvrgzupjzyyoyrcmvf7setg46xv36vvaozg2ax5byq","default_route_table_id":"ocid1.routetable.oc1.iad.aaaaaaaaccsibonzqpd34mfveejkbsbsejqjcxluqtky6vhei355lvcne2eq","default_security_list_id":"ocid1.securitylist.oc1.iad.aaaaaaaapdopj5n3e27cbapcudgfxlvrue7lu4pc7usbmzix53asmztjev5q","defined_tags":{"Oracle-Tags.CreatedBy":"default/jpsant.aws@gmail.com","Oracle-Tags.CreatedOn":"2024-08-26T12:53:18.854Z"},"display_name":"dev-vcn","dns_label":null,"freeform_tags":{},"id":"ocid1.vcn.oc1.iad.amaaaaaab6vzawaahee34r7bc3rylmqsoxpkjq3rw6qoyutll6jliaakv4fq","ipv6cidr_blocks":[],"ipv6private_cidr_blocks":[],"is_ipv6enabled":false,"is_oracle_gua_allocation_enabled":null,"state":"AVAILABLE","time_created":"2024-08-26 12:53:18.952 +0000 UTC","timeouts":null,"vcn_domain_name":null},"sensitive_attributes":[],"private":"eyJlMmJmYjczMC1lY2FhLTExZTYtOGY4OC0zNDM2M2JjN2M0YzAiOnsiY3JlYXRlIjoxMjAwMDAwMDAwMDAwLCJkZWxldGUiOjEyMDAwMDAwMDAwMDAsInVwZGF0ZSI6MTIwMDAwMDAwMDAwMH19"}]}],"check_results":null}
